
Microsoft Visual Studio Solution File, Format Version 12.00
# Visual Studio 2012
Project("{FAE04EC0-301F-11D3-BF4B-00C04F79EFBC}") = "RazApp.Web", "RazApp.Web\RazApp.Web.csproj", "{5A69E2D0-72C0-430F-ADB7-1EC68029D82F}"
EndProject
Project("{2150E333-8FDC-42A3-9474-1A3956D46DE8}") = "Web Layer", "Web Layer", "{21E05524-00B0-4745-B3E7-749C00856DC9}"
EndProject
Project("{2150E333-8FDC-42A3-9474-1A3956D46DE8}") = "Service Layer", "Service Layer", "{E095A06D-0D0B-4105-ADB5-D5790423A9EE}"
EndProject
Project("{2150E333-8FDC-42A3-9474-1A3956D46DE8}") = "Domain Layer", "Domain Layer", "{A9F167E6-AC4C-49DA-98A4-419C297BD6AB}"
EndProject
Project("{FAE04EC0-301F-11D3-BF4B-00C04F79EFBC}") = "RazApp.Service", "RazApp.Service\RazApp.Service.csproj", "{7FEB612E-35ED-4CA2-B77C-7BA6FDA8D49A}"
EndProject
Project("{FAE04EC0-301F-11D3-BF4B-00C04F79EFBC}") = "RazApp.Domain.Model", "RazApp.Domain.Model\RazApp.Domain.Model.csproj", "{79B9A15B-1AFD-4369-9D18-CBC1D82AB93A}"
EndProject
Project("{FAE04EC0-301F-11D3-BF4B-00C04F79EFBC}") = "RazApp.Data", "RazApp.Data\RazApp.Data.csproj", "{CA52FE66-4175-4DDA-AE76-B455956BABE4}"
EndProject
Project("{FAE04EC0-301F-11D3-BF4B-00C04F79EFBC}") = "RazApp.Domain.Repository", "RazApp.Domain.Repository\RazApp.Domain.Repository.csproj", "{CA327545-3CC1-4899-98B2-65C0AB1A2BD6}"
EndProject
Project("{FAE04EC0-301F-11D3-BF4B-00C04F79EFBC}") = "RazApp.Core", "RazApp.Core\RazApp.Core.csproj", "{696E6B04-9198-4236-BE9A-FF2A47D0499E}"
EndProject
Project("{2150E333-8FDC-42A3-9474-1A3956D46DE8}") = "Unit Tests", "Unit Tests", "{0DAE7DA7-6036-4412-B78C-BF7749BD0A34}"
EndProject
Project("{FAE04EC0-301F-11D3-BF4B-00C04F79EFBC}") = "RazApp.Web.Test", "RazApp.Web.Test\RazApp.Web.Test.csproj", "{B0E18092-A505-4563-97AB-B915F971B38E}"
EndProject
Global
	GlobalSection(SolutionConfigurationPlatforms) = preSolution
		Debug|Any CPU = Debug|Any CPU
		Release|Any CPU = Release|Any CPU
	EndGlobalSection
	GlobalSection(ProjectConfigurationPlatforms) = postSolution
		{5A69E2D0-72C0-430F-ADB7-1EC68029D82F}.Debug|Any CPU.ActiveCfg = Debug|Any CPU
		{5A69E2D0-72C0-430F-ADB7-1EC68029D82F}.Debug|Any CPU.Build.0 = Debug|Any CPU
		{5A69E2D0-72C0-430F-ADB7-1EC68029D82F}.Release|Any CPU.ActiveCfg = Release|Any CPU
		{5A69E2D0-72C0-430F-ADB7-1EC68029D82F}.Release|Any CPU.Build.0 = Release|Any CPU
		{7FEB612E-35ED-4CA2-B77C-7BA6FDA8D49A}.Debug|Any CPU.ActiveCfg = Debug|Any CPU
		{7FEB612E-35ED-4CA2-B77C-7BA6FDA8D49A}.Debug|Any CPU.Build.0 = Debug|Any CPU
		{7FEB612E-35ED-4CA2-B77C-7BA6FDA8D49A}.Release|Any CPU.ActiveCfg = Release|Any CPU
		{7FEB612E-35ED-4CA2-B77C-7BA6FDA8D49A}.Release|Any CPU.Build.0 = Release|Any CPU
		{79B9A15B-1AFD-4369-9D18-CBC1D82AB93A}.Debug|Any CPU.ActiveCfg = Debug|Any CPU
		{79B9A15B-1AFD-4369-9D18-CBC1D82AB93A}.Debug|Any CPU.Build.0 = Debug|Any CPU
		{79B9A15B-1AFD-4369-9D18-CBC1D82AB93A}.Release|Any CPU.ActiveCfg = Release|Any CPU
		{79B9A15B-1AFD-4369-9D18-CBC1D82AB93A}.Release|Any CPU.Build.0 = Release|Any CPU
		{CA52FE66-4175-4DDA-AE76-B455956BABE4}.Debug|Any CPU.ActiveCfg = Debug|Any CPU
		{CA52FE66-4175-4DDA-AE76-B455956BABE4}.Debug|Any CPU.Build.0 = Debug|Any CPU
		{CA52FE66-4175-4DDA-AE76-B455956BABE4}.Release|Any CPU.ActiveCfg = Release|Any CPU
		{CA52FE66-4175-4DDA-AE76-B455956BABE4}.Release|Any CPU.Build.0 = Release|Any CPU
		{CA327545-3CC1-4899-98B2-65C0AB1A2BD6}.Debug|Any CPU.ActiveCfg = Debug|Any CPU
		{CA327545-3CC1-4899-98B2-65C0AB1A2BD6}.Debug|Any CPU.Build.0 = Debug|Any CPU
		{CA327545-3CC1-4899-98B2-65C0AB1A2BD6}.Release|Any CPU.ActiveCfg = Release|Any CPU
		{CA327545-3CC1-4899-98B2-65C0AB1A2BD6}.Release|Any CPU.Build.0 = Release|Any CPU
		{696E6B04-9198-4236-BE9A-FF2A47D0499E}.Debug|Any CPU.ActiveCfg = Debug|Any CPU
		{696E6B04-9198-4236-BE9A-FF2A47D0499E}.Debug|Any CPU.Build.0 = Debug|Any CPU
		{696E6B04-9198-4236-BE9A-FF2A47D0499E}.Release|Any CPU.ActiveCfg = Release|Any CPU
		{696E6B04-9198-4236-BE9A-FF2A47D0499E}.Release|Any CPU.Build.0 = Release|Any CPU
		{B0E18092-A505-4563-97AB-B915F971B38E}.Debug|Any CPU.ActiveCfg = Debug|Any CPU
		{B0E18092-A505-4563-97AB-B915F971B38E}.Debug|Any CPU.Build.0 = Debug|Any CPU
		{B0E18092-A505-4563-97AB-B915F971B38E}.Release|Any CPU.ActiveCfg = Release|Any CPU
		{B0E18092-A505-4563-97AB-B915F971B38E}.Release|Any CPU.Build.0 = Release|Any CPU
	EndGlobalSection
	GlobalSection(SolutionProperties) = preSolution
		HideSolutionNode = FALSE
	EndGlobalSection
	GlobalSection(NestedProjects) = preSolution
		{5A69E2D0-72C0-430F-ADB7-1EC68029D82F} = {21E05524-00B0-4745-B3E7-749C00856DC9}
		{696E6B04-9198-4236-BE9A-FF2A47D0499E} = {21E05524-00B0-4745-B3E7-749C00856DC9}
		{7FEB612E-35ED-4CA2-B77C-7BA6FDA8D49A} = {E095A06D-0D0B-4105-ADB5-D5790423A9EE}
		{79B9A15B-1AFD-4369-9D18-CBC1D82AB93A} = {A9F167E6-AC4C-49DA-98A4-419C297BD6AB}
		{CA52FE66-4175-4DDA-AE76-B455956BABE4} = {A9F167E6-AC4C-49DA-98A4-419C297BD6AB}
		{CA327545-3CC1-4899-98B2-65C0AB1A2BD6} = {A9F167E6-AC4C-49DA-98A4-419C297BD6AB}
		{B0E18092-A505-4563-97AB-B915F971B38E} = {0DAE7DA7-6036-4412-B78C-BF7749BD0A34}
	EndGlobalSection
EndGlobal
